{
  "name": "mmorpg",
  "lockfileVersion": 3,
  "requires": true,
  "packages": {
    "": {
      "dependencies": {
        "tweakpane": "^4.0.5"
      }
    },
    "node_modules/tweakpane": {
      "version": "4.0.5",
      "resolved": "https://registry.npmjs.org/tweakpane/-/tweakpane-4.0.5.tgz",
      "integrity": "sha512-rxEXdSI+ArlG1RyO6FghC4ZUX8JkEfz8F3v1JuteXSV0pEtHJzyo07fcDG+NsJfN5L39kSbCYbB9cBGHyuI/tQ==",
      "license": "MIT",
      "funding": {
        "url": "https://github.com/sponsors/cocopon"
      }
    }
  }
}
